{
  "version": 4,
  "terraform_version": "1.5.7",
  "serial": 7,
  "lineage": "8407fde3-4795-f84a-1b07-3a0d95256e4e",
  "outputs": {
    "kubernetes_cluster_host": {
      "value": "34.70.230.86",
      "type": "string"
    },
    "kubernetes_cluster_name": {
      "value": "playground-s-11-3d12af66-gke",
      "type": "string"
    },
    "project_id": {
      "value": "playground-s-11-3d12af66",
      "type": "string"
    },
    "region": {
      "value": "us-central1",
      "type": "string"
    }
  },
  "resources": [
    {
      "mode": "managed",
      "type": "google_compute_network",
      "name": "vpc",
      "provider": "provider[\"registry.terraform.io/hashicorp/google\"]",
      "instances": [
        {
          "schema_version": 0,
          "attributes": {
            "auto_create_subnetworks": false,
            "delete_default_routes_on_create": false,
            "description": "",
            "enable_ula_internal_ipv6": false,
            "gateway_ipv4": "",
            "id": "projects/playground-s-11-3d12af66/global/networks/playground-s-11-3d12af66-vpc",
            "internal_ipv6_range": "",
            "mtu": 0,
            "name": "playground-s-11-3d12af66-vpc",
            "network_firewall_policy_enforcement_order": "AFTER_CLASSIC_FIREWALL",
            "project": "playground-s-11-3d12af66",
            "routing_mode": "REGIONAL",
            "self_link": "https://www.googleapis.com/compute/v1/projects/playground-s-11-3d12af66/global/networks/playground-s-11-3d12af66-vpc",
            "timeouts": null
          },
          "sensitive_attributes": [],
          "private": "eyJlMmJmYjczMC1lY2FhLTExZTYtOGY4OC0zNDM2M2JjN2M0YzAiOnsiY3JlYXRlIjoxMjAwMDAwMDAwMDAwLCJkZWxldGUiOjEyMDAwMDAwMDAwMDAsInVwZGF0ZSI6MTIwMDAwMDAwMDAwMH19"
        }
      ]
    },
    {
      "mode": "managed",
      "type": "google_compute_subnetwork",
      "name": "subnet",
      "provider": "provider[\"registry.terraform.io/hashicorp/google\"]",
      "instances": [
        {
          "schema_version": 0,
          "attributes": {
            "creation_timestamp": "2023-09-18T14:28:58.296-07:00",
            "description": "",
            "external_ipv6_prefix": "",
            "fingerprint": null,
            "gateway_address": "10.10.0.1",
            "id": "projects/playground-s-11-3d12af66/regions/us-central1/subnetworks/playground-s-11-3d12af66-subnet",
            "ip_cidr_range": "10.10.0.0/24",
            "ipv6_access_type": "",
            "ipv6_cidr_range": "",
            "log_config": [],
            "name": "playground-s-11-3d12af66-subnet",
            "network": "https://www.googleapis.com/compute/v1/projects/playground-s-11-3d12af66/global/networks/playground-s-11-3d12af66-vpc",
            "private_ip_google_access": false,
            "private_ipv6_google_access": "DISABLE_GOOGLE_ACCESS",
            "project": "playground-s-11-3d12af66",
            "purpose": "PRIVATE",
            "region": "us-central1",
            "role": "",
            "secondary_ip_range": [],
            "self_link": "https://www.googleapis.com/compute/v1/projects/playground-s-11-3d12af66/regions/us-central1/subnetworks/playground-s-11-3d12af66-subnet",
            "stack_type": "IPV4_ONLY",
            "timeouts": null
          },
          "sensitive_attributes": [],
          "private": "eyJlMmJmYjczMC1lY2FhLTExZTYtOGY4OC0zNDM2M2JjN2M0YzAiOnsiY3JlYXRlIjoxMjAwMDAwMDAwMDAwLCJkZWxldGUiOjEyMDAwMDAwMDAwMDAsInVwZGF0ZSI6MTIwMDAwMDAwMDAwMH19",
          "dependencies": [
            "google_compute_network.vpc"
          ]
        }
      ]
    },
    {
      "mode": "managed",
      "type": "google_container_cluster",
      "name": "primary",
      "provider": "provider[\"registry.terraform.io/hashicorp/google\"]",
      "instances": [
        {
          "schema_version": 1,
          "attributes": {
            "addons_config": [
              {
                "cloudrun_config": [],
                "config_connector_config": [],
                "dns_cache_config": [],
                "gce_persistent_disk_csi_driver_config": [
                  {
                    "enabled": true
                  }
                ],
                "gcp_filestore_csi_driver_config": [],
                "gcs_fuse_csi_driver_config": [],
                "gke_backup_agent_config": [],
                "horizontal_pod_autoscaling": [
                  {
                    "disabled": false
                  }
                ],
                "http_load_balancing": [
                  {
                    "disabled": true
                  }
                ],
                "network_policy_config": [
                  {
                    "disabled": true
                  }
                ]
              }
            ],
            "allow_net_admin": null,
            "authenticator_groups_config": [],
            "binary_authorization": [
              {
                "enabled": false,
                "evaluation_mode": ""
              }
            ],
            "cluster_autoscaling": [
              {
                "auto_provisioning_defaults": [],
                "enabled": false,
                "resource_limits": []
              }
            ],
            "cluster_ipv4_cidr": "10.184.0.0/14",
            "confidential_nodes": [],
            "cost_management_config": [],
            "database_encryption": [
              {
                "key_name": "",
                "state": "DECRYPTED"
              }
            ],
            "datapath_provider": "",
            "default_max_pods_per_node": null,
            "default_snat_status": [
              {
                "disabled": false
              }
            ],
            "description": "",
            "dns_config": [],
            "enable_autopilot": false,
            "enable_binary_authorization": false,
            "enable_intranode_visibility": false,
            "enable_k8s_beta_apis": [],
            "enable_kubernetes_alpha": false,
            "enable_l4_ilb_subsetting": false,
            "enable_legacy_abac": false,
            "enable_shielded_nodes": true,
            "enable_tpu": false,
            "endpoint": "34.70.230.86",
            "gateway_api_config": [],
            "id": "projects/playground-s-11-3d12af66/locations/us-central1/clusters/playground-s-11-3d12af66-gke",
            "initial_node_count": 1,
            "ip_allocation_policy": [],
            "label_fingerprint": "a9dc16a7",
            "location": "us-central1",
            "logging_config": [
              {
                "enable_components": [
                  "SYSTEM_COMPONENTS",
                  "WORKLOADS"
                ]
              }
            ],
            "logging_service": "logging.googleapis.com/kubernetes",
            "maintenance_policy": [],
            "master_auth": [
              {
                "client_certificate": "",
                "client_certificate_config": [
                  {
                    "issue_client_certificate": false
                  }
                ],
                "client_key": "",
                "cluster_ca_certificate": "LS0tLS1CRUdJTiBDRVJUSUZJQ0FURS0tLS0tCk1JSUVMRENDQXBTZ0F3SUJBZ0lRRTZOQnpHb29MYjBBOE9lclM0L2daakFOQmdrcWhraUc5dzBCQVFzRkFEQXYKTVMwd0t3WURWUVFERXlReFlqVTJPRGxtTlMxaE1XSTBMVFE0WWpjdFltTmxNQzB6TlRCak5HVm1NRFU0WldNdwpJQmNOTWpNd09URTRNakF6TURJeFdoZ1BNakExTXpBNU1UQXlNVE13TWpGYU1DOHhMVEFyQmdOVkJBTVRKREZpCk5UWTRPV1kxTFdFeFlqUXRORGhpTnkxaVkyVXdMVE0xTUdNMFpXWXdOVGhsWXpDQ0FhSXdEUVlKS29aSWh2Y04KQVFFQkJRQURnZ0dQQURDQ0FZb0NnZ0dCQUxmNmtMZXJISURtVUZoMXh1OUphQXdBMEd0WTVtcHVhSFlBYWZZMwovdENJWENiendVNFhXelBvcTFPbnFXdzVZRkRqTjVEeXROR3R2bWxLYnR6Z25UREUzSFFXSG9GNlZpTWFoU1dGCnlheWpTUVlwY2l4YlZobnp6a3lrM0ZncmR5TzhxRmU5b1BqU0oxQXAvNjBFeU9Lbnd1T1FBYmZnMnlta012TnAKZmQxUVNNZ1dDbWx0TzZBNWUzbnJuOEM2MVFzNkViNWV4OHF0eFkzeXJZeXdUY2VWeHQrWUNzeitvY0gvK0lDdwpZWjUxK1V1VlVnT3huekVubzlsUFZMc3B4YWhJb21hQjZ3eCtjWlJ0cjhXZ09vdVl4K3ZqekQrbFFlMHhjWVYxCmo3R0V4eVJueTJuLzVReG5nWG83NWJ5ZHcwWUh0cDk4eFpreVp4NklZckEzL3lkWSt5TTI1YXk0T3ZkZVV3THYKZFR6OE1FUERXN2pWNnpVVkhxMGlDTnd6dXhvY0tmYUFia005OGw5TFM2RDN2dURxcm5YSURzWVNicWliVngxVQowTmorOTBna0hPYm1SMFFVeEJKMFgyN3IzVjVIZFQzVERoS3BpZ2pKSTNFTE8ySG56bGp2RHc4SlptM3dkc1FNCmNTOXFTRk5RME1aUzRmVGZYKzJlb2FYcDJ3SURBUUFCbzBJd1FEQU9CZ05WSFE4QkFmOEVCQU1DQWdRd0R3WUQKVlIwVEFRSC9CQVV3QXdFQi96QWRCZ05WSFE0RUZnUVU0UVVRSDY0VVA1T1FaT0NPTkIrMWw5NVBUYjR3RFFZSgpLb1pJaHZjTkFRRUxCUUFEZ2dHQkFLNWUyZ2p0VEdzS1pPSzNsRk5EaW5naStQRFN3MWFBalozSzFGdDZGTjVSCnhQMUtzalZMdFdoS0d0aTNvd0diWXp1RktKQ05KSTlCRkpKZDFaWUFQSWtOVWxvZzFUbkZhS1ZwTG1iMDBWYnAKNEFXZzZ3YzVtbkoyS2NGemFrMHpYZE8xMTJSVDF0RElta1hvdEsrRE9Pb1UySUNOV3pwVHoyL2Z0bS9pQzJQdApnYmZFUUx3UFhzWmpNL3BWQk9naWlGYWtwTHZvRUpFQUdvTVBuaXZvakdRWlEvTzhFZlV2WUVYd205U3RRM0RCCmV1UmIvblRCSUIvLzFXYVhzZXRYUzMrbERNV3dBQVVRNXBzcmNzdjRFaVduaGgyME85R2srOXF5SDdnK2VveG4KczBEZnRjZ3ZjL2cvTWtFc0h6aXYyVkZRSkhWN3VvckRGOXJNTVVHQUdmcUhad0xxdHhEUU9Xc0FSc3BCd0kxawozelR0OUF6UHlSTGcxdVJMNUsxL0J5RlpldnVSU0p5bDlaajFXMENGZmpkaFR4SHZmQzBpMVRKNHQ0K0RhTlJhCkMxQnNqb01hNks4T2VNajBDa1FMRW9jMEFXSHk3MU8wQWxMdkJrVS9ISWdlM3lhTDRVdDI5bExwZ20zN1d2bmsKbVZZaWVheFBNTFd6c1dacTJwMjR2dz09Ci0tLS0tRU5EIENFUlRJRklDQVRFLS0tLS0K"
              }
            ],
            "master_authorized_networks_config": [],
            "master_version": "1.27.3-gke.100",
            "mesh_certificates": [],
            "min_master_version": null,
            "monitoring_config": [
              {
                "advanced_datapath_observability_config": [
                  {
                    "enable_metrics": false,
                    "relay_mode": "DISABLED"
                  }
                ],
                "enable_components": [
                  "SYSTEM_COMPONENTS"
                ],
                "managed_prometheus": [
                  {
                    "enabled": true
                  }
                ]
              }
            ],
            "monitoring_service": "monitoring.googleapis.com/kubernetes",
            "name": "playground-s-11-3d12af66-gke",
            "network": "projects/playground-s-11-3d12af66/global/networks/playground-s-11-3d12af66-vpc",
            "network_policy": [
              {
                "enabled": false,
                "provider": "PROVIDER_UNSPECIFIED"
              }
            ],
            "networking_mode": "ROUTES",
            "node_config": [],
            "node_locations": [
              "us-central1-a",
              "us-central1-c",
              "us-central1-f"
            ],
            "node_pool": [],
            "node_pool_defaults": [
              {
                "node_config_defaults": [
                  {
                    "logging_variant": "DEFAULT"
                  }
                ]
              }
            ],
            "node_version": "1.27.3-gke.100",
            "notification_config": [
              {
                "pubsub": [
                  {
                    "enabled": false,
                    "filter": [],
                    "topic": ""
                  }
                ]
              }
            ],
            "operation": null,
            "private_cluster_config": [
              {
                "enable_private_endpoint": false,
                "enable_private_nodes": false,
                "master_global_access_config": [
                  {
                    "enabled": false
                  }
                ],
                "master_ipv4_cidr_block": "",
                "peering_name": "",
                "private_endpoint": "10.10.0.2",
                "private_endpoint_subnetwork": "",
                "public_endpoint": "34.70.230.86"
              }
            ],
            "private_ipv6_google_access": "",
            "project": "playground-s-11-3d12af66",
            "release_channel": [
              {
                "channel": "REGULAR"
              }
            ],
            "remove_default_node_pool": true,
            "resource_labels": null,
            "resource_usage_export_config": [],
            "security_posture_config": [
              {
                "mode": "BASIC",
                "vulnerability_mode": "VULNERABILITY_MODE_UNSPECIFIED"
              }
            ],
            "self_link": "https://container.googleapis.com/v1/projects/playground-s-11-3d12af66/locations/us-central1/clusters/playground-s-11-3d12af66-gke",
            "service_external_ips_config": [
              {
                "enabled": false
              }
            ],
            "services_ipv4_cidr": "10.187.240.0/20",
            "subnetwork": "projects/playground-s-11-3d12af66/regions/us-central1/subnetworks/playground-s-11-3d12af66-subnet",
            "timeouts": null,
            "tpu_ipv4_cidr_block": "",
            "vertical_pod_autoscaling": [],
            "workload_identity_config": []
          },
          "sensitive_attributes": [],
          "private": "eyJlMmJmYjczMC1lY2FhLTExZTYtOGY4OC0zNDM2M2JjN2M0YzAiOnsiY3JlYXRlIjoyNDAwMDAwMDAwMDAwLCJkZWxldGUiOjI0MDAwMDAwMDAwMDAsInJlYWQiOjI0MDAwMDAwMDAwMDAsInVwZGF0ZSI6MzYwMDAwMDAwMDAwMH0sInNjaGVtYV92ZXJzaW9uIjoiMSJ9",
          "dependencies": [
            "google_compute_network.vpc",
            "google_compute_subnetwork.subnet"
          ]
        }
      ]
    },
    {
      "mode": "managed",
      "type": "google_container_node_pool",
      "name": "primary_nodes",
      "provider": "provider[\"registry.terraform.io/hashicorp/google\"]",
      "instances": [
        {
          "schema_version": 1,
          "attributes": {
            "autoscaling": [
              {
                "location_policy": "ANY",
                "max_node_count": 10,
                "min_node_count": 0,
                "total_max_node_count": 0,
                "total_min_node_count": 0
              }
            ],
            "cluster": "playground-s-11-3d12af66-gke",
            "id": "projects/playground-s-11-3d12af66/locations/us-central1/clusters/playground-s-11-3d12af66-gke/nodePools/playground-s-11-3d12af66-gke",
            "initial_node_count": 1,
            "instance_group_urls": [
              "https://www.googleapis.com/compute/v1/projects/playground-s-11-3d12af66/zones/us-central1-c/instanceGroupManagers/gke-playground-s-11--playground-s-11--8f62ea22-grp",
              "https://www.googleapis.com/compute/v1/projects/playground-s-11-3d12af66/zones/us-central1-f/instanceGroupManagers/gke-playground-s-11--playground-s-11--a55c264f-grp",
              "https://www.googleapis.com/compute/v1/projects/playground-s-11-3d12af66/zones/us-central1-a/instanceGroupManagers/gke-playground-s-11--playground-s-11--f751b680-grp"
            ],
            "location": "us-central1",
            "managed_instance_group_urls": [
              "https://www.googleapis.com/compute/v1/projects/playground-s-11-3d12af66/zones/us-central1-c/instanceGroups/gke-playground-s-11--playground-s-11--8f62ea22-grp",
              "https://www.googleapis.com/compute/v1/projects/playground-s-11-3d12af66/zones/us-central1-f/instanceGroups/gke-playground-s-11--playground-s-11--a55c264f-grp",
              "https://www.googleapis.com/compute/v1/projects/playground-s-11-3d12af66/zones/us-central1-a/instanceGroups/gke-playground-s-11--playground-s-11--f751b680-grp"
            ],
            "management": [
              {
                "auto_repair": true,
                "auto_upgrade": true
              }
            ],
            "max_pods_per_node": null,
            "name": "playground-s-11-3d12af66-gke",
            "name_prefix": "",
            "network_config": [
              {
                "create_pod_range": false,
                "enable_private_nodes": false,
                "pod_cidr_overprovision_config": [],
                "pod_ipv4_cidr_block": "",
                "pod_range": ""
              }
            ],
            "node_config": [
              {
                "advanced_machine_features": [],
                "boot_disk_kms_key": "",
                "confidential_nodes": [],
                "disk_size_gb": 100,
                "disk_type": "pd-balanced",
                "ephemeral_storage_local_ssd_config": [],
                "gcfs_config": [],
                "guest_accelerator": [],
                "gvnic": [],
                "host_maintenance_policy": [],
                "image_type": "COS_CONTAINERD",
                "kubelet_config": [],
                "labels": {
                  "env": "playground-s-11-3d12af66"
                },
                "linux_node_config": [],
                "local_nvme_ssd_block_config": [],
                "local_ssd_count": 0,
                "logging_variant": "DEFAULT",
                "machine_type": "e2-medium",
                "metadata": {
                  "disable-legacy-endpoints": "true"
                },
                "min_cpu_platform": "",
                "node_group": "",
                "oauth_scopes": [
                  "https://www.googleapis.com/auth/devstorage.read_only",
                  "https://www.googleapis.com/auth/logging.write",
                  "https://www.googleapis.com/auth/monitoring",
                  "https://www.googleapis.com/auth/service.management.readonly",
                  "https://www.googleapis.com/auth/servicecontrol",
                  "https://www.googleapis.com/auth/trace.append"
                ],
                "preemptible": true,
                "reservation_affinity": [],
                "resource_labels": null,
                "service_account": "default",
                "shielded_instance_config": [
                  {
                    "enable_integrity_monitoring": true,
                    "enable_secure_boot": false
                  }
                ],
                "sole_tenant_config": [],
                "spot": false,
                "tags": [
                  "gke-node",
                  "playground-s-11-3d12af66-gke"
                ],
                "taint": [],
                "workload_metadata_config": []
              }
            ],
            "node_count": 1,
            "node_locations": [
              "us-central1-a",
              "us-central1-c",
              "us-central1-f"
            ],
            "operation": null,
            "placement_policy": [],
            "project": "playground-s-11-3d12af66",
            "timeouts": null,
            "upgrade_settings": [
              {
                "blue_green_settings": [],
                "max_surge": 1,
                "max_unavailable": 0,
                "strategy": "SURGE"
              }
            ],
            "version": "1.27.3-gke.100"
          },
          "sensitive_attributes": [],
          "private": "eyJlMmJmYjczMC1lY2FhLTExZTYtOGY4OC0zNDM2M2JjN2M0YzAiOnsiY3JlYXRlIjoxODAwMDAwMDAwMDAwLCJkZWxldGUiOjE4MDAwMDAwMDAwMDAsInVwZGF0ZSI6MTgwMDAwMDAwMDAwMH0sInNjaGVtYV92ZXJzaW9uIjoiMSJ9",
          "dependencies": [
            "google_compute_network.vpc",
            "google_compute_subnetwork.subnet",
            "google_container_cluster.primary"
          ]
        }
      ]
    }
  ],
  "check_results": null
}
